// !$*UTF8*$!
{
	archiveVersion = 1;
	classes = {
	};
	objectVersion = 56;
	objects = {

/* Begin PBXBuildFile section */
		4122F845B8A30F4DC91BCDAB /* Pods_CountryInformationApp.framework in Frameworks */ = {isa = PBXBuildFile; fileRef = 800692CB07760DA6FC41EBCE /* Pods_CountryInformationApp.framework */; };
		873E84FA29F226F60053EB40 /* CountryInformationAppApp.swift in Sources */ = {isa = PBXBuildFile; fileRef = 873E84F929F226F60053EB40 /* CountryInformationAppApp.swift */; };
		873E84FC29F226F60053EB40 /* ContentView.swift in Sources */ = {isa = PBXBuildFile; fileRef = 873E84FB29F226F60053EB40 /* ContentView.swift */; };
		873E84FE29F226F60053EB40 /* Assets.xcassets in Resources */ = {isa = PBXBuildFile; fileRef = 873E84FD29F226F60053EB40 /* Assets.xcassets */; };
		873E850129F226F60053EB40 /* Preview Assets.xcassets in Resources */ = {isa = PBXBuildFile; fileRef = 873E850029F226F60053EB40 /* Preview Assets.xcassets */; };
		873E850B29F226F60053EB40 /* CountryInformationAppTests.swift in Sources */ = {isa = PBXBuildFile; fileRef = 873E850A29F226F60053EB40 /* CountryInformationAppTests.swift */; };
		873E851529F226F70053EB40 /* CountryInformationAppUITests.swift in Sources */ = {isa = PBXBuildFile; fileRef = 873E851429F226F70053EB40 /* CountryInformationAppUITests.swift */; };
		873E851729F226F70053EB40 /* CountryInformationAppUITestsLaunchTests.swift in Sources */ = {isa = PBXBuildFile; fileRef = 873E851629F226F70053EB40 /* CountryInformationAppUITestsLaunchTests.swift */; };
		873E852B29F22C1A0053EB40 /* CountryListView.swift in Sources */ = {isa = PBXBuildFile; fileRef = 873E852A29F22C1A0053EB40 /* CountryListView.swift */; };
		873E852D29F22C790053EB40 /* CountryService.swift in Sources */ = {isa = PBXBuildFile; fileRef = 873E852C29F22C790053EB40 /* CountryService.swift */; };
		873E852F29F230360053EB40 /* CustomErrors.swift in Sources */ = {isa = PBXBuildFile; fileRef = 873E852E29F230360053EB40 /* CustomErrors.swift */; };
		8786A95C29FE2A9B00CFC5C0 /* NetworkErrorView.swift in Sources */ = {isa = PBXBuildFile; fileRef = 8786A95B29FE2A9B00CFC5C0 /* NetworkErrorView.swift */; };
		878C2C0E29FCCC5F00538D99 /* CountryDetailViewModel.swift in Sources */ = {isa = PBXBuildFile; fileRef = 878C2C0D29FCCC5F00538D99 /* CountryDetailViewModel.swift */; };
		878C2C1029FCF7D700538D99 /* TabbarView.swift in Sources */ = {isa = PBXBuildFile; fileRef = 878C2C0F29FCF7D700538D99 /* TabbarView.swift */; };
		878C2C1229FCF7F500538D99 /* MapView.swift in Sources */ = {isa = PBXBuildFile; fileRef = 878C2C1129FCF7F500538D99 /* MapView.swift */; };
		878C2C1429FD16A200538D99 /* MapViewModel.swift in Sources */ = {isa = PBXBuildFile; fileRef = 878C2C1329FD16A200538D99 /* MapViewModel.swift */; };
		878C2C1629FD1C0200538D99 /* CountryMarkerView.swift in Sources */ = {isa = PBXBuildFile; fileRef = 878C2C1529FD1C0200538D99 /* CountryMarkerView.swift */; };
		87A5A66329F3565500A6A35C /* Log.swift in Sources */ = {isa = PBXBuildFile; fileRef = 87A5A66229F3565500A6A35C /* Log.swift */; };
		87A5A66529F356B900A6A35C /* CountryListViewModel.swift in Sources */ = {isa = PBXBuildFile; fileRef = 87A5A66429F356B900A6A35C /* CountryListViewModel.swift */; };
		87A5A66729F3590E00A6A35C /* CountryModel.swift in Sources */ = {isa = PBXBuildFile; fileRef = 87A5A66629F3590E00A6A35C /* CountryModel.swift */; };
		87A5A66929F3597900A6A35C /* NSDictionary+Extension.swift in Sources */ = {isa = PBXBuildFile; fileRef = 87A5A66829F3597900A6A35C /* NSDictionary+Extension.swift */; };
		87A5A66B29F382DA00A6A35C /* Mirror.swift in Sources */ = {isa = PBXBuildFile; fileRef = 87A5A66A29F382DA00A6A35C /* Mirror.swift */; };
		87A5A68029F38E2C00A6A35C /* SF-Pro-Text-UltralightItalic.otf in Resources */ = {isa = PBXBuildFile; fileRef = 87A5A66D29F38E2C00A6A35C /* SF-Pro-Text-UltralightItalic.otf */; };
		87A5A68129F38E2C00A6A35C /* SF-Pro-Text-Heavy.otf in Resources */ = {isa = PBXBuildFile; fileRef = 87A5A66E29F38E2C00A6A35C /* SF-Pro-Text-Heavy.otf */; };
		87A5A68229F38E2C00A6A35C /* SF-Pro-Text-MediumItalic.otf in Resources */ = {isa = PBXBuildFile; fileRef = 87A5A66F29F38E2C00A6A35C /* SF-Pro-Text-MediumItalic.otf */; };
		87A5A68329F38E2C00A6A35C /* SF-Pro-Text-Light.otf in Resources */ = {isa = PBXBuildFile; fileRef = 87A5A67029F38E2C00A6A35C /* SF-Pro-Text-Light.otf */; };
		87A5A68429F38E2C00A6A35C /* SF-Pro-Text-BlackItalic.otf in Resources */ = {isa = PBXBuildFile; fileRef = 87A5A67129F38E2C00A6A35C /* SF-Pro-Text-BlackItalic.otf */; };
		87A5A68529F38E2C00A6A35C /* SF-Pro-Text-Black.otf in Resources */ = {isa = PBXBuildFile; fileRef = 87A5A67229F38E2C00A6A35C /* SF-Pro-Text-Black.otf */; };
		87A5A68629F38E2C00A6A35C /* SF-Pro-Text-Regular.otf in Resources */ = {isa = PBXBuildFile; fileRef = 87A5A67329F38E2C00A6A35C /* SF-Pro-Text-Regular.otf */; };
		87A5A68729F38E2C00A6A35C /* SF-Pro-Text-Ultralight.otf in Resources */ = {isa = PBXBuildFile; fileRef = 87A5A67429F38E2C00A6A35C /* SF-Pro-Text-Ultralight.otf */; };
		87A5A68829F38E2C00A6A35C /* SF-Pro-Text-Bold.otf in Resources */ = {isa = PBXBuildFile; fileRef = 87A5A67529F38E2C00A6A35C /* SF-Pro-Text-Bold.otf */; };
		87A5A68929F38E2C00A6A35C /* SF-Pro-Text-Thin.otf in Resources */ = {isa = PBXBuildFile; fileRef = 87A5A67629F38E2C00A6A35C /* SF-Pro-Text-Thin.otf */; };
		87A5A68A29F38E2C00A6A35C /* SF-Pro-Text-ThinItalic.otf in Resources */ = {isa = PBXBuildFile; fileRef = 87A5A67729F38E2C00A6A35C /* SF-Pro-Text-ThinItalic.otf */; };
		87A5A68B29F38E2C00A6A35C /* SF-Pro-Text-BoldItalic.otf in Resources */ = {isa = PBXBuildFile; fileRef = 87A5A67829F38E2C00A6A35C /* SF-Pro-Text-BoldItalic.otf */; };
		87A5A68C29F38E2C00A6A35C /* SF-Pro-Text-RegularItalic.otf in Resources */ = {isa = PBXBuildFile; fileRef = 87A5A67929F38E2C00A6A35C /* SF-Pro-Text-RegularItalic.otf */; };
		87A5A68D29F38E2C00A6A35C /* SF-Pro-Text-Semibold.otf in Resources */ = {isa = PBXBuildFile; fileRef = 87A5A67A29F38E2C00A6A35C /* SF-Pro-Text-Semibold.otf */; };
		87A5A68E29F38E2C00A6A35C /* SF-Pro-Text-HeavyItalic.otf in Resources */ = {isa = PBXBuildFile; fileRef = 87A5A67B29F38E2C00A6A35C /* SF-Pro-Text-HeavyItalic.otf */; };
		87A5A68F29F38E2C00A6A35C /* SF-Pro-Text-LightItalic.otf in Resources */ = {isa = PBXBuildFile; fileRef = 87A5A67C29F38E2C00A6A35C /* SF-Pro-Text-LightItalic.otf */; };
		87A5A69029F38E2C00A6A35C /* SF-Pro-Text-Medium.otf in Resources */ = {isa = PBXBuildFile; fileRef = 87A5A67D29F38E2C00A6A35C /* SF-Pro-Text-Medium.otf */; };
		87A5A69129F38E2C00A6A35C /* SF-Pro-Text-SemiboldItalic.otf in Resources */ = {isa = PBXBuildFile; fileRef = 87A5A67E29F38E2C00A6A35C /* SF-Pro-Text-SemiboldItalic.otf */; };
		87A5A69229F38E2C00A6A35C /* Colors.xcassets in Resources */ = {isa = PBXBuildFile; fileRef = 87A5A67F29F38E2C00A6A35C /* Colors.xcassets */; };
		87A5A69529F38EE300A6A35C /* AppFonts.swift in Sources */ = {isa = PBXBuildFile; fileRef = 87A5A69429F38EE300A6A35C /* AppFonts.swift */; };
		87A5A69729F38F0700A6A35C /* AppColors.swift in Sources */ = {isa = PBXBuildFile; fileRef = 87A5A69629F38F0700A6A35C /* AppColors.swift */; };
		87A5A69929F394F900A6A35C /* CountryListItemView.swift in Sources */ = {isa = PBXBuildFile; fileRef = 87A5A69829F394F900A6A35C /* CountryListItemView.swift */; };
		87A5A69B29F39A2B00A6A35C /* AppState.swift in Sources */ = {isa = PBXBuildFile; fileRef = 87A5A69A29F39A2B00A6A35C /* AppState.swift */; };
		87A5A69D29F39AA800A6A35C /* LoadingView.swift in Sources */ = {isa = PBXBuildFile; fileRef = 87A5A69C29F39AA800A6A35C /* LoadingView.swift */; };
		87A5A69F29F4068100A6A35C /* CountryDetailView.swift in Sources */ = {isa = PBXBuildFile; fileRef = 87A5A69E29F4068100A6A35C /* CountryDetailView.swift */; };
		DE4050E5B1950E2B292C80BA /* Pods_CountryInformationAppTests.framework in Frameworks */ = {isa = PBXBuildFile; fileRef = 7242029A271CB28C6D2512C4 /* Pods_CountryInformationAppTests.framework */; };
		EA2C93938CB3D6340198D930 /* Pods_CountryInformationApp_CountryInformationAppUITests.framework in Frameworks */ = {isa = PBXBuildFile; fileRef = 84AE743A1454B9E741D1CE8B /* Pods_CountryInformationApp_CountryInformationAppUITests.framework */; };
/* End PBXBuildFile section */

/* Begin PBXContainerItemProxy section */
		873E850729F226F60053EB40 /* PBXContainerItemProxy */ = {
			isa = PBXContainerItemProxy;
			containerPortal = 873E84EE29F226F60053EB40 /* Project object */;
			proxyType = 1;
			remoteGlobalIDString = 873E84F529F226F60053EB40;
			remoteInfo = CountryInformationApp;
		};
		873E851129F226F70053EB40 /* PBXContainerItemProxy */ = {
			isa = PBXContainerItemProxy;
			containerPortal = 873E84EE29F226F60053EB40 /* Project object */;
			proxyType = 1;
			remoteGlobalIDString = 873E84F529F226F60053EB40;
			remoteInfo = CountryInformationApp;
		};
/* End PBXContainerItemProxy section */

/* Begin PBXFileReference section */
		0F14579C52D38AD77DFD425A /* Pods-CountryInformationApp.debug.xcconfig */ = {isa = PBXFileReference; includeInIndex = 1; lastKnownFileType = text.xcconfig; name = "Pods-CountryInformationApp.debug.xcconfig"; path = "Target Support Files/Pods-CountryInformationApp/Pods-CountryInformationApp.debug.xcconfig"; sourceTree = "<group>"; };
		7242029A271CB28C6D2512C4 /* Pods_CountryInformationAppTests.framework */ = {isa = PBXFileReference; explicitFileType = wrapper.framework; includeInIndex = 0; path = Pods_CountryInformationAppTests.framework; sourceTree = BUILT_PRODUCTS_DIR; };
		800692CB07760DA6FC41EBCE /* Pods_CountryInformationApp.framework */ = {isa = PBXFileReference; explicitFileType = wrapper.framework; includeInIndex = 0; path = Pods_CountryInformationApp.framework; sourceTree = BUILT_PRODUCTS_DIR; };
		84AE743A1454B9E741D1CE8B /* Pods_CountryInformationApp_CountryInformationAppUITests.framework */ = {isa = PBXFileReference; explicitFileType = wrapper.framework; includeInIndex = 0; path = Pods_CountryInformationApp_CountryInformationAppUITests.framework; sourceTree = BUILT_PRODUCTS_DIR; };
		873E84F629F226F60053EB40 /* CountryInformationApp.app */ = {isa = PBXFileReference; explicitFileType = wrapper.application; includeInIndex = 0; path = CountryInformationApp.app; sourceTree = BUILT_PRODUCTS_DIR; };
		873E84F929F226F60053EB40 /* CountryInformationAppApp.swift */ = {isa = PBXFileReference; lastKnownFileType = sourcecode.swift; path = CountryInformationAppApp.swift; sourceTree = "<group>"; };
		873E84FB29F226F60053EB40 /* ContentView.swift */ = {isa = PBXFileReference; lastKnownFileType = sourcecode.swift; path = ContentView.swift; sourceTree = "<group>"; };
		873E84FD29F226F60053EB40 /* Assets.xcassets */ = {isa = PBXFileReference; lastKnownFileType = folder.assetcatalog; path = Assets.xcassets; sourceTree = "<group>"; };
		873E850029F226F60053EB40 /* Preview Assets.xcassets */ = {isa = PBXFileReference; lastKnownFileType = folder.assetcatalog; path = "Preview Assets.xcassets"; sourceTree = "<group>"; };
		873E850629F226F60053EB40 /* CountryInformationAppTests.xctest */ = {isa = PBXFileReference; explicitFileType = wrapper.cfbundle; includeInIndex = 0; path = CountryInformationAppTests.xctest; sourceTree = BUILT_PRODUCTS_DIR; };
		873E850A29F226F60053EB40 /* CountryInformationAppTests.swift */ = {isa = PBXFileReference; lastKnownFileType = sourcecode.swift; path = CountryInformationAppTests.swift; sourceTree = "<group>"; };
		873E851029F226F70053EB40 /* CountryInformationAppUITests.xctest */ = {isa = PBXFileReference; explicitFileType = wrapper.cfbundle; includeInIndex = 0; path = CountryInformationAppUITests.xctest; sourceTree = BUILT_PRODUCTS_DIR; };
		873E851429F226F70053EB40 /* CountryInformationAppUITests.swift */ = {isa = PBXFileReference; lastKnownFileType = sourcecode.swift; path = CountryInformationAppUITests.swift; sourceTree = "<group>"; };
		873E851629F226F70053EB40 /* CountryInformationAppUITestsLaunchTests.swift */ = {isa = PBXFileReference; lastKnownFileType = sourcecode.swift; path = CountryInformationAppUITestsLaunchTests.swift; sourceTree = "<group>"; };
		873E852A29F22C1A0053EB40 /* CountryListView.swift */ = {isa = PBXFileReference; lastKnownFileType = sourcecode.swift; path = CountryListView.swift; sourceTree = "<group>"; };
		873E852C29F22C790053EB40 /* CountryService.swift */ = {isa = PBXFileReference; lastKnownFileType = sourcecode.swift; path = CountryService.swift; sourceTree = "<group>"; };
		873E852E29F230360053EB40 /* CustomErrors.swift */ = {isa = PBXFileReference; lastKnownFileType = sourcecode.swift; path = CustomErrors.swift; sourceTree = "<group>"; };
		8786A95B29FE2A9B00CFC5C0 /* NetworkErrorView.swift */ = {isa = PBXFileReference; lastKnownFileType = sourcecode.swift; path = NetworkErrorView.swift; sourceTree = "<group>"; };
		878C2C0D29FCCC5F00538D99 /* CountryDetailViewModel.swift */ = {isa = PBXFileReference; lastKnownFileType = sourcecode.swift; path = CountryDetailViewModel.swift; sourceTree = "<group>"; };
		878C2C0F29FCF7D700538D99 /* TabbarView.swift */ = {isa = PBXFileReference; lastKnownFileType = sourcecode.swift; path = TabbarView.swift; sourceTree = "<group>"; };
		878C2C1129FCF7F500538D99 /* MapView.swift */ = {isa = PBXFileReference; lastKnownFileType = sourcecode.swift; path = MapView.swift; sourceTree = "<group>"; };
		878C2C1329FD16A200538D99 /* MapViewModel.swift */ = {isa = PBXFileReference; lastKnownFileType = sourcecode.swift; path = MapViewModel.swift; sourceTree = "<group>"; };
		878C2C1529FD1C0200538D99 /* CountryMarkerView.swift */ = {isa = PBXFileReference; lastKnownFileType = sourcecode.swift; path = CountryMarkerView.swift; sourceTree = "<group>"; };
		87A5A66229F3565500A6A35C /* Log.swift */ = {isa = PBXFileReference; fileEncoding = 4; lastKnownFileType = sourcecode.swift; path = Log.swift; sourceTree = "<group>"; };
		87A5A66429F356B900A6A35C /* CountryListViewModel.swift */ = {isa = PBXFileReference; lastKnownFileType = sourcecode.swift; path = CountryListViewModel.swift; sourceTree = "<group>"; };
		87A5A66629F3590E00A6A35C /* CountryModel.swift */ = {isa = PBXFileReference; lastKnownFileType = sourcecode.swift; path = CountryModel.swift; sourceTree = "<group>"; };
		87A5A66829F3597900A6A35C /* NSDictionary+Extension.swift */ = {isa = PBXFileReference; fileEncoding = 4; lastKnownFileType = sourcecode.swift; path = "NSDictionary+Extension.swift"; sourceTree = "<group>"; };
		87A5A66A29F382DA00A6A35C /* Mirror.swift */ = {isa = PBXFileReference; lastKnownFileType = sourcecode.swift; path = Mirror.swift; sourceTree = "<group>"; };
		87A5A66D29F38E2C00A6A35C /* SF-Pro-Text-UltralightItalic.otf */ = {isa = PBXFileReference; lastKnownFileType = file; path = "SF-Pro-Text-UltralightItalic.otf"; sourceTree = "<group>"; };
		87A5A66E29F38E2C00A6A35C /* SF-Pro-Text-Heavy.otf */ = {isa = PBXFileReference; lastKnownFileType = file; path = "SF-Pro-Text-Heavy.otf"; sourceTree = "<group>"; };
		87A5A66F29F38E2C00A6A35C /* SF-Pro-Text-MediumItalic.otf */ = {isa = PBXFileReference; lastKnownFileType = file; path = "SF-Pro-Text-MediumItalic.otf"; sourceTree = "<group>"; };
		87A5A67029F38E2C00A6A35C /* SF-Pro-Text-Light.otf */ = {isa = PBXFileReference; lastKnownFileType = file; path = "SF-Pro-Text-Light.otf"; sourceTree = "<group>"; };
		87A5A67129F38E2C00A6A35C /* SF-Pro-Text-BlackItalic.otf */ = {isa = PBXFileReference; lastKnownFileType = file; path = "SF-Pro-Text-BlackItalic.otf"; sourceTree = "<group>"; };
		87A5A67229F38E2C00A6A35C /* SF-Pro-Text-Black.otf */ = {isa = PBXFileReference; lastKnownFileType = file; path = "SF-Pro-Text-Black.otf"; sourceTree = "<group>"; };
		87A5A67329F38E2C00A6A35C /* SF-Pro-Text-Regular.otf */ = {isa = PBXFileReference; lastKnownFileType = file; path = "SF-Pro-Text-Regular.otf"; sourceTree = "<group>"; };
		87A5A67429F38E2C00A6A35C /* SF-Pro-Text-Ultralight.otf */ = {isa = PBXFileReference; lastKnownFileType = file; path = "SF-Pro-Text-Ultralight.otf"; sourceTree = "<group>"; };
		87A5A67529F38E2C00A6A35C /* SF-Pro-Text-Bold.otf */ = {isa = PBXFileReference; lastKnownFileType = file; path = "SF-Pro-Text-Bold.otf"; sourceTree = "<group>"; };
		87A5A67629F38E2C00A6A35C /* SF-Pro-Text-Thin.otf */ = {isa = PBXFileReference; lastKnownFileType = file; path = "SF-Pro-Text-Thin.otf"; sourceTree = "<group>"; };
		87A5A67729F38E2C00A6A35C /* SF-Pro-Text-ThinItalic.otf */ = {isa = PBXFileReference; lastKnownFileType = file; path = "SF-Pro-Text-ThinItalic.otf"; sourceTree = "<group>"; };
		87A5A67829F38E2C00A6A35C /* SF-Pro-Text-BoldItalic.otf */ = {isa = PBXFileReference; lastKnownFileType = file; path = "SF-Pro-Text-BoldItalic.otf"; sourceTree = "<group>"; };
		87A5A67929F38E2C00A6A35C /* SF-Pro-Text-RegularItalic.otf */ = {isa = PBXFileReference; lastKnownFileType = file; path = "SF-Pro-Text-RegularItalic.otf"; sourceTree = "<group>"; };
		87A5A67A29F38E2C00A6A35C /* SF-Pro-Text-Semibold.otf */ = {isa = PBXFileReference; lastKnownFileType = file; path = "SF-Pro-Text-Semibold.otf"; sourceTree = "<group>"; };
		87A5A67B29F38E2C00A6A35C /* SF-Pro-Text-HeavyItalic.otf */ = {isa = PBXFileReference; lastKnownFileType = file; path = "SF-Pro-Text-HeavyItalic.otf"; sourceTree = "<group>"; };
		87A5A67C29F38E2C00A6A35C /* SF-Pro-Text-LightItalic.otf */ = {isa = PBXFileReference; lastKnownFileType = file; path = "SF-Pro-Text-LightItalic.otf"; sourceTree = "<group>"; };
		87A5A67D29F38E2C00A6A35C /* SF-Pro-Text-Medium.otf */ = {isa = PBXFileReference; lastKnownFileType = file; path = "SF-Pro-Text-Medium.otf"; sourceTree = "<group>"; };
		87A5A67E29F38E2C00A6A35C /* SF-Pro-Text-SemiboldItalic.otf */ = {isa = PBXFileReference; lastKnownFileType = file; path = "SF-Pro-Text-SemiboldItalic.otf"; sourceTree = "<group>"; };
		87A5A67F29F38E2C00A6A35C /* Colors.xcassets */ = {isa = PBXFileReference; lastKnownFileType = folder.assetcatalog; path = Colors.xcassets; sourceTree = "<group>"; };
		87A5A69329F38E9400A6A35C /* Info.plist */ = {isa = PBXFileReference; lastKnownFileType = text.plist; path = Info.plist; sourceTree = "<group>"; };
		87A5A69429F38EE300A6A35C /* AppFonts.swift */ = {isa = PBXFileReference; lastKnownFileType = sourcecode.swift; path = AppFonts.swift; sourceTree = "<group>"; };
		87A5A69629F38F0700A6A35C /* AppColors.swift */ = {isa = PBXFileReference; lastKnownFileType = sourcecode.swift; path = AppColors.swift; sourceTree = "<group>"; };
		87A5A69829F394F900A6A35C /* CountryListItemView.swift */ = {isa = PBXFileReference; lastKnownFileType = sourcecode.swift; path = CountryListItemView.swift; sourceTree = "<group>"; };
		87A5A69A29F39A2B00A6A35C /* AppState.swift */ = {isa = PBXFileReference; lastKnownFileType = sourcecode.swift; path = AppState.swift; sourceTree = "<group>"; };
		87A5A69C29F39AA800A6A35C /* LoadingView.swift */ = {isa = PBXFileReference; lastKnownFileType = sourcecode.swift; path = LoadingView.swift; sourceTree = "<group>"; };
		87A5A69E29F4068100A6A35C /* CountryDetailView.swift */ = {isa = PBXFileReference; lastKnownFileType = sourcecode.swift; path = CountryDetailView.swift; sourceTree = "<group>"; };
		97667FD447CFBF87AC422CBA /* Pods-CountryInformationApp-CountryInformationAppUITests.release.xcconfig */ = {isa = PBXFileReference; includeInIndex = 1; lastKnownFileType = text.xcconfig; name = "Pods-CountryInformationApp-CountryInformationAppUITests.release.xcconfig"; path = "Target Support Files/Pods-CountryInformationApp-CountryInformationAppUITests/Pods-CountryInformationApp-CountryInformationAppUITests.release.xcconfig"; sourceTree = "<group>"; };
		A23CF1841260B4AE589EE6E5 /* Pods-CountryInformationAppTests.debug.xcconfig */ = {isa = PBXFileReference; includeInIndex = 1; lastKnownFileType = text.xcconfig; name = "Pods-CountryInformationAppTests.debug.xcconfig"; path = "Target Support Files/Pods-CountryInformationAppTests/Pods-CountryInformationAppTests.debug.xcconfig"; sourceTree = "<group>"; };
		B29CE64F3F62C1FADBA7D4AC /* Pods-CountryInformationAppTests.release.xcconfig */ = {isa = PBXFileReference; includeInIndex = 1; lastKnownFileType = text.xcconfig; name = "Pods-CountryInformationAppTests.release.xcconfig"; path = "Target Support Files/Pods-CountryInformationAppTests/Pods-CountryInformationAppTests.release.xcconfig"; sourceTree = "<group>"; };
		EA363BDD1290F5B4745B7A6C /* Pods-CountryInformationApp-CountryInformationAppUITests.debug.xcconfig */ = {isa = PBXFileReference; includeInIndex = 1; lastKnownFileType = text.xcconfig; name = "Pods-CountryInformationApp-CountryInformationAppUITests.debug.xcconfig"; path = "Target Support Files/Pods-CountryInformationApp-CountryInformationAppUITests/Pods-CountryInformationApp-CountryInformationAppUITests.debug.xcconfig"; sourceTree = "<group>"; };
		F2A08C52EE8E33225BF72E17 /* Pods-CountryInformationApp.release.xcconfig */ = {isa = PBXFileReference; includeInIndex = 1; lastKnownFileType = text.xcconfig; name = "Pods-CountryInformationApp.release.xcconfig"; path = "Target Support Files/Pods-CountryInformationApp/Pods-CountryInformationApp.release.xcconfig"; sourceTree = "<group>"; };
/* End PBXFileReference section */

/* Begin PBXFrameworksBuildPhase section */
		873E84F329F226F60053EB40 /* Frameworks */ = {
			isa = PBXFrameworksBuildPhase;
			buildActionMask = 2147483647;
			files = (
				4122F845B8A30F4DC91BCDAB /* Pods_CountryInformationApp.framework in Frameworks */,
			);
			runOnlyForDeploymentPostprocessing = 0;
		};
		873E850329F226F60053EB40 /* Frameworks */ = {
			isa = PBXFrameworksBuildPhase;
			buildActionMask = 2147483647;
			files = (
				DE4050E5B1950E2B292C80BA /* Pods_CountryInformationAppTests.framework in Frameworks */,
			);
			runOnlyForDeploymentPostprocessing = 0;
		};
		873E850D29F226F70053EB40 /* Frameworks */ = {
			isa = PBXFrameworksBuildPhase;
			buildActionMask = 2147483647;
			files = (
				EA2C93938CB3D6340198D930 /* Pods_CountryInformationApp_CountryInformationAppUITests.framework in Frameworks */,
			);
			runOnlyForDeploymentPostprocessing = 0;
		};
/* End PBXFrameworksBuildPhase section */

/* Begin PBXGroup section */
		748525E15AEC5FF084696A4C /* Pods */ = {
			isa = PBXGroup;
			children = (
				0F14579C52D38AD77DFD425A /* Pods-CountryInformationApp.debug.xcconfig */,
				F2A08C52EE8E33225BF72E17 /* Pods-CountryInformationApp.release.xcconfig */,
				EA363BDD1290F5B4745B7A6C /* Pods-CountryInformationApp-CountryInformationAppUITests.debug.xcconfig */,
				97667FD447CFBF87AC422CBA /* Pods-CountryInformationApp-CountryInformationAppUITests.release.xcconfig */,
				A23CF1841260B4AE589EE6E5 /* Pods-CountryInformationAppTests.debug.xcconfig */,
				B29CE64F3F62C1FADBA7D4AC /* Pods-CountryInformationAppTests.release.xcconfig */,
			);
			path = Pods;
			sourceTree = "<group>";
		};
		873E84ED29F226F60053EB40 = {
			isa = PBXGroup;
			children = (
				873E84F829F226F60053EB40 /* CountryInformationApp */,
				873E850929F226F60053EB40 /* CountryInformationAppTests */,
				873E851329F226F70053EB40 /* CountryInformationAppUITests */,
				873E84F729F226F60053EB40 /* Products */,
				748525E15AEC5FF084696A4C /* Pods */,
				F758F7B3EF4F9207B5B95764 /* Frameworks */,
			);
			sourceTree = "<group>";
		};
		873E84F729F226F60053EB40 /* Products */ = {
			isa = PBXGroup;
			children = (
				873E84F629F226F60053EB40 /* CountryInformationApp.app */,
				873E850629F226F60053EB40 /* CountryInformationAppTests.xctest */,
				873E851029F226F70053EB40 /* CountryInformationAppUITests.xctest */,
			);
			name = Products;
			sourceTree = "<group>";
		};
		873E84F829F226F60053EB40 /* CountryInformationApp */ = {
			isa = PBXGroup;
			children = (
				87A5A69329F38E9400A6A35C /* Info.plist */,
				873E852829F22BD00053EB40 /* AppLifeCycle */,
				873E852729F22BC80053EB40 /* Services */,
				873E852629F22BC00053EB40 /* Model */,
				873E852529F22BBB0053EB40 /* View */,
				873E852429F22BAC0053EB40 /* ViewModel */,
				873E852329F22BA00053EB40 /* Resources */,
				873E852929F22BD90053EB40 /* Utility */,
				873E84FF29F226F60053EB40 /* Preview Content */,
			);
			path = CountryInformationApp;
			sourceTree = "<group>";
		};
		873E84FF29F226F60053EB40 /* Preview Content */ = {
			isa = PBXGroup;
			children = (
				873E850029F226F60053EB40 /* Preview Assets.xcassets */,
			);
			path = "Preview Content";
			sourceTree = "<group>";
		};
		873E850929F226F60053EB40 /* CountryInformationAppTests */ = {
			isa = PBXGroup;
			children = (
				873E850A29F226F60053EB40 /* CountryInformationAppTests.swift */,
			);
			path = CountryInformationAppTests;
			sourceTree = "<group>";
		};
		873E851329F226F70053EB40 /* CountryInformationAppUITests */ = {
			isa = PBXGroup;
			children = (
				873E851429F226F70053EB40 /* CountryInformationAppUITests.swift */,
				873E851629F226F70053EB40 /* CountryInformationAppUITestsLaunchTests.swift */,
			);
			path = CountryInformationAppUITests;
			sourceTree = "<group>";
		};
		873E852329F22BA00053EB40 /* Resources */ = {
			isa = PBXGroup;
			children = (
				873E84FD29F226F60053EB40 /* Assets.xcassets */,
				87A5A67F29F38E2C00A6A35C /* Colors.xcassets */,
				87A5A66C29F38E2C00A6A35C /* Fonts */,
			);
			path = Resources;
			sourceTree = "<group>";
		};
		873E852429F22BAC0053EB40 /* ViewModel */ = {
			isa = PBXGroup;
			children = (
				87A5A69A29F39A2B00A6A35C /* AppState.swift */,
				87A5A66429F356B900A6A35C /* CountryListViewModel.swift */,
				878C2C0D29FCCC5F00538D99 /* CountryDetailViewModel.swift */,
				878C2C1329FD16A200538D99 /* MapViewModel.swift */,
			);
			path = ViewModel;
			sourceTree = "<group>";
		};
		873E852529F22BBB0053EB40 /* View */ = {
			isa = PBXGroup;
			children = (
				878C2C0F29FCF7D700538D99 /* TabbarView.swift */,
				873E852A29F22C1A0053EB40 /* CountryListView.swift */,
				87A5A69829F394F900A6A35C /* CountryListItemView.swift */,
				87A5A69C29F39AA800A6A35C /* LoadingView.swift */,
				87A5A69E29F4068100A6A35C /* CountryDetailView.swift */,
				878C2C1129FCF7F500538D99 /* MapView.swift */,
				878C2C1529FD1C0200538D99 /* CountryMarkerView.swift */,
				8786A95B29FE2A9B00CFC5C0 /* NetworkErrorView.swift */,
			);
			path = View;
			sourceTree = "<group>";
		};
		873E852629F22BC00053EB40 /* Model */ = {
			isa = PBXGroup;
			children = (
				87A5A66629F3590E00A6A35C /* CountryModel.swift */,
			);
			path = Model;
			sourceTree = "<group>";
		};
		873E852729F22BC80053EB40 /* Services */ = {
			isa = PBXGroup;
			children = (
				873E852C29F22C790053EB40 /* CountryService.swift */,
			);
			path = Services;
			sourceTree = "<group>";
		};
		873E852829F22BD00053EB40 /* AppLifeCycle */ = {
			isa = PBXGroup;
			children = (
				873E84F929F226F60053EB40 /* CountryInformationAppApp.swift */,
				873E84FB29F226F60053EB40 /* ContentView.swift */,
			);
			path = AppLifeCycle;
			sourceTree = "<group>";
		};
		873E852929F22BD90053EB40 /* Utility */ = {
			isa = PBXGroup;
			children = (
				87A5A66829F3597900A6A35C /* NSDictionary+Extension.swift */,
				87A5A66229F3565500A6A35C /* Log.swift */,
				873E852E29F230360053EB40 /* CustomErrors.swift */,
				87A5A66A29F382DA00A6A35C /* Mirror.swift */,
				87A5A69429F38EE300A6A35C /* AppFonts.swift */,
				87A5A69629F38F0700A6A35C /* AppColors.swift */,
			);
			path = Utility;
			sourceTree = "<group>";
		};
		87A5A66C29F38E2C00A6A35C /* Fonts */ = {
			isa = PBXGroup;
			children = (
				87A5A66D29F38E2C00A6A35C /* SF-Pro-Text-UltralightItalic.otf */,
				87A5A66E29F38E2C00A6A35C /* SF-Pro-Text-Heavy.otf */,
				87A5A66F29F38E2C00A6A35C /* SF-Pro-Text-MediumItalic.otf */,
				87A5A67029F38E2C00A6A35C /* SF-Pro-Text-Light.otf */,
				87A5A67129F38E2C00A6A35C /* SF-Pro-Text-BlackItalic.otf */,
				87A5A67229F38E2C00A6A35C /* SF-Pro-Text-Black.otf */,
				87A5A67329F38E2C00A6A35C /* SF-Pro-Text-Regular.otf */,
				87A5A67429F38E2C00A6A35C /* SF-Pro-Text-Ultralight.otf */,
				87A5A67529F38E2C00A6A35C /* SF-Pro-Text-Bold.otf */,
				87A5A67629F38E2C00A6A35C /* SF-Pro-Text-Thin.otf */,
				87A5A67729F38E2C00A6A35C /* SF-Pro-Text-ThinItalic.otf */,
				87A5A67829F38E2C00A6A35C /* SF-Pro-Text-BoldItalic.otf */,
				87A5A67929F38E2C00A6A35C /* SF-Pro-Text-RegularItalic.otf */,
				87A5A67A29F38E2C00A6A35C /* SF-Pro-Text-Semibold.otf */,
				87A5A67B29F38E2C00A6A35C /* SF-Pro-Text-HeavyItalic.otf */,
				87A5A67C29F38E2C00A6A35C /* SF-Pro-Text-LightItalic.otf */,
				87A5A67D29F38E2C00A6A35C /* SF-Pro-Text-Medium.otf */,
				87A5A67E29F38E2C00A6A35C /* SF-Pro-Text-SemiboldItalic.otf */,
			);
			path = Fonts;
			sourceTree = "<group>";
		};
		F758F7B3EF4F9207B5B95764 /* Frameworks */ = {
			isa = PBXGroup;
			children = (
				800692CB07760DA6FC41EBCE /* Pods_CountryInformationApp.framework */,
				84AE743A1454B9E741D1CE8B /* Pods_CountryInformationApp_CountryInformationAppUITests.framework */,
				7242029A271CB28C6D2512C4 /* Pods_CountryInformationAppTests.framework */,
			);
			name = Frameworks;
			sourceTree = "<group>";
		};
/* End PBXGroup section */

/* Begin PBXNativeTarget section */
		873E84F529F226F60053EB40 /* CountryInformationApp */ = {
			isa = PBXNativeTarget;
			buildConfigurationList = 873E851A29F226F70053EB40 /* Build configuration list for PBXNativeTarget "CountryInformationApp" */;
			buildPhases = (
				F3740DB7748DB972BDE86E6E /* [CP] Check Pods Manifest.lock */,
				873E84F229F226F60053EB40 /* Sources */,
				873E84F329F226F60053EB40 /* Frameworks */,
				873E84F429F226F60053EB40 /* Resources */,
				075DBB12E49C0D87473E2F3D /* [CP] Embed Pods Frameworks */,
			);
			buildRules = (
			);
			dependencies = (
			);
			name = CountryInformationApp;
			productName = CountryInformationApp;
			productReference = 873E84F629F226F60053EB40 /* CountryInformationApp.app */;
			productType = "com.apple.product-type.application";
		};
		873E850529F226F60053EB40 /* CountryInformationAppTests */ = {
			isa = PBXNativeTarget;
			buildConfigurationList = 873E851D29F226F70053EB40 /* Build configuration list for PBXNativeTarget "CountryInformationAppTests" */;
			buildPhases = (
				971FBDA9B6E58DF50CB941D7 /* [CP] Check Pods Manifest.lock */,
				873E850229F226F60053EB40 /* Sources */,
				873E850329F226F60053EB40 /* Frameworks */,
				873E850429F226F60053EB40 /* Resources */,
			);
			buildRules = (
			);
			dependencies = (
				873E850829F226F60053EB40 /* PBXTargetDependency */,
			);
			name = CountryInformationAppTests;
			productName = CountryInformationAppTests;
			productReference = 873E850629F226F60053EB40 /* CountryInformationAppTests.xctest */;
			productType = "com.apple.product-type.bundle.unit-test";
		};
		873E850F29F226F70053EB40 /* CountryInformationAppUITests */ = {
			isa = PBXNativeTarget;
			buildConfigurationList = 873E852029F226F70053EB40 /* Build configuration list for PBXNativeTarget "CountryInformationAppUITests" */;
			buildPhases = (
				C55B6B36BFEC57E8AD537EF1 /* [CP] Check Pods Manifest.lock */,
				873E850C29F226F70053EB40 /* Sources */,
				873E850D29F226F70053EB40 /* Frameworks */,
				873E850E29F226F70053EB40 /* Resources */,
				9ABCDA2F32E692E4EC597218 /* [CP] Embed Pods Frameworks */,
			);
			buildRules = (
			);
			dependencies = (
				873E851229F226F70053EB40 /* PBXTargetDependency */,
			);
			name = CountryInformationAppUITests;
			productName = CountryInformationAppUITests;
			productReference = 873E851029F226F70053EB40 /* CountryInformationAppUITests.xctest */;
			productType = "com.apple.product-type.bundle.ui-testing";
		};
/* End PBXNativeTarget section */

/* Begin PBXProject section */
		873E84EE29F226F60053EB40 /* Project object */ = {
			isa = PBXProject;
			attributes = {
				BuildIndependentTargetsInParallel = 1;
				LastSwiftUpdateCheck = 1400;
				LastUpgradeCheck = 1400;
				TargetAttributes = {
					873E84F529F226F60053EB40 = {
						CreatedOnToolsVersion = 14.0;
					};
					873E850529F226F60053EB40 = {
						CreatedOnToolsVersion = 14.0;
						TestTargetID = 873E84F529F226F60053EB40;
					};
					873E850F29F226F70053EB40 = {
						CreatedOnToolsVersion = 14.0;
						TestTargetID = 873E84F529F226F60053EB40;
					};
				};
			};
			buildConfigurationList = 873E84F129F226F60053EB40 /* Build configuration list for PBXProject "CountryInformationApp" */;
			compatibilityVersion = "Xcode 14.0";
			developmentRegion = en;
			hasScannedForEncodings = 0;
			knownRegions = (
				en,
				Base,
			);
			mainGroup = 873E84ED29F226F60053EB40;
			productRefGroup = 873E84F729F226F60053EB40 /* Products */;
			projectDirPath = "";
			projectRoot = "";
			targets = (
				873E84F529F226F60053EB40 /* CountryInformationApp */,
				873E850529F226F60053EB40 /* CountryInformationAppTests */,
				873E850F29F226F70053EB40 /* CountryInformationAppUITests */,
			);
		};
/* End PBXProject section */

/* Begin PBXResourcesBuildPhase section */
		873E84F429F226F60053EB40 /* Resources */ = {
			isa = PBXResourcesBuildPhase;
			buildActionMask = 2147483647;
			files = (
				87A5A68229F38E2C00A6A35C /* SF-Pro-Text-MediumItalic.otf in Resources */,
				87A5A68A29F38E2C00A6A35C /* SF-Pro-Text-ThinItalic.otf in Resources */,
				87A5A68029F38E2C00A6A35C /* SF-Pro-Text-UltralightItalic.otf in Resources */,
				87A5A68329F38E2C00A6A35C /* SF-Pro-Text-Light.otf in Resources */,
				87A5A69129F38E2C00A6A35C /* SF-Pro-Text-SemiboldItalic.otf in Resources */,
				87A5A68D29F38E2C00A6A35C /* SF-Pro-Text-Semibold.otf in Resources */,
				87A5A69229F38E2C00A6A35C /* Colors.xcassets in Resources */,
				873E850129F226F60053EB40 /* Preview Assets.xcassets in Resources */,
				873E84FE29F226F60053EB40 /* Assets.xcassets in Resources */,
				87A5A68829F38E2C00A6A35C /* SF-Pro-Text-Bold.otf in Resources */,
				87A5A68C29F38E2C00A6A35C /* SF-Pro-Text-RegularItalic.otf in Resources */,
				87A5A68129F38E2C00A6A35C /* SF-Pro-Text-Heavy.otf in Resources */,
				87A5A68F29F38E2C00A6A35C /* SF-Pro-Text-LightItalic.otf in Resources */,
				87A5A68B29F38E2C00A6A35C /* SF-Pro-Text-BoldItalic.otf in Resources */,
				87A5A68629F38E2C00A6A35C /* SF-Pro-Text-Regular.otf in Resources */,
				87A5A68929F38E2C00A6A35C /* SF-Pro-Text-Thin.otf in Resources */,
				87A5A68429F38E2C00A6A35C /* SF-Pro-Text-BlackItalic.otf in Resources */,
				87A5A68529F38E2C00A6A35C /* SF-Pro-Text-Black.otf in Resources */,
				87A5A68729F38E2C00A6A35C /* SF-Pro-Text-Ultralight.otf in Resources */,
				87A5A69029F38E2C00A6A35C /* SF-Pro-Text-Medium.otf in Resources */,
				87A5A68E29F38E2C00A6A35C /* SF-Pro-Text-HeavyItalic.otf in Resources */,
			);
			runOnlyForDeploymentPostprocessing = 0;
		};
		873E850429F226F60053EB40 /* Resources */ = {
			isa = PBXResourcesBuildPhase;
			buildActionMask = 2147483647;
			files = (
			);
			runOnlyForDeploymentPostprocessing = 0;
		};
		873E850E29F226F70053EB40 /* Resources */ = {
			isa = PBXResourcesBuildPhase;
			buildActionMask = 2147483647;
			files = (
			);
			runOnlyForDeploymentPostprocessing = 0;
		};
/* End PBXResourcesBuildPhase section */

/* Begin PBXShellScriptBuildPhase section */
		075DBB12E49C0D87473E2F3D /* [CP] Embed Pods Frameworks */ = {
			isa = PBXShellScriptBuildPhase;
			buildActionMask = 2147483647;
			files = (
			);
			inputFileListPaths = (
				"${PODS_ROOT}/Target Support Files/Pods-CountryInformationApp/Pods-CountryInformationApp-frameworks-${CONFIGURATION}-input-files.xcfilelist",
			);
			name = "[CP] Embed Pods Frameworks";
			outputFileListPaths = (
				"${PODS_ROOT}/Target Support Files/Pods-CountryInformationApp/Pods-CountryInformationApp-frameworks-${CONFIGURATION}-output-files.xcfilelist",
			);
			runOnlyForDeploymentPostprocessing = 0;
			shellPath = /bin/sh;
			shellScript = "\"${PODS_ROOT}/Target Support Files/Pods-CountryInformationApp/Pods-CountryInformationApp-frameworks.sh\"\n";
			showEnvVarsInLog = 0;
		};
		971FBDA9B6E58DF50CB941D7 /* [CP] Check Pods Manifest.lock */ = {
			isa = PBXShellScriptBuildPhase;
			buildActionMask = 2147483647;
			files = (
			);
			inputFileListPaths = (
			);
			inputPaths = (
				"${PODS_PODFILE_DIR_PATH}/Podfile.lock",
				"${PODS_ROOT}/Manifest.lock",
			);
			name = "[CP] Check Pods Manifest.lock";
			outputFileListPaths = (
			);
			outputPaths = (
				"$(DERIVED_FILE_DIR)/Pods-CountryInformationAppTests-checkManifestLockResult.txt",
			);
			runOnlyForDeploymentPostprocessing = 0;
			shellPath = /bin/sh;
			shellScript = "diff \"${PODS_PODFILE_DIR_PATH}/Podfile.lock\" \"${PODS_ROOT}/Manifest.lock\" > /dev/null\nif [ $? != 0 ] ; then\n    # print error to STDERR\n    echo \"error: The sandbox is not in sync with the Podfile.lock. Run 'pod install' or update your CocoaPods installation.\" >&2\n    exit 1\nfi\n# This output is used by Xcode 'outputs' to avoid re-running this script phase.\necho \"SUCCESS\" > \"${SCRIPT_OUTPUT_FILE_0}\"\n";
			showEnvVarsInLog = 0;
		};
		9ABCDA2F32E692E4EC597218 /* [CP] Embed Pods Frameworks */ = {
			isa = PBXShellScriptBuildPhase;
			buildActionMask = 2147483647;
			files = (
			);
			inputFileListPaths = (
				"${PODS_ROOT}/Target Support Files/Pods-CountryInformationApp-CountryInformationAppUITests/Pods-CountryInformationApp-CountryInformationAppUITests-frameworks-${CONFIGURATION}-input-files.xcfilelist",
			);
			name = "[CP] Embed Pods Frameworks";
			outputFileListPaths = (
				"${PODS_ROOT}/Target Support Files/Pods-CountryInformationApp-CountryInformationAppUITests/Pods-CountryInformationApp-CountryInformationAppUITests-frameworks-${CONFIGURATION}-output-files.xcfilelist",
			);
			runOnlyForDeploymentPostprocessing = 0;
			shellPath = /bin/sh;
			shellScript = "\"${PODS_ROOT}/Target Support Files/Pods-CountryInformationApp-CountryInformationAppUITests/Pods-CountryInformationApp-CountryInformationAppUITests-frameworks.sh\"\n";
			showEnvVarsInLog = 0;
		};
		C55B6B36BFEC57E8AD537EF1 /* [CP] Check Pods Manifest.lock */ = {
			isa = PBXShellScriptBuildPhase;
			buildActionMask = 2147483647;
			files = (
			);
			inputFileListPaths = (
			);
			inputPaths = (
				"${PODS_PODFILE_DIR_PATH}/Podfile.lock",
				"${PODS_ROOT}/Manifest.lock",
			);
			name = "[CP] Check Pods Manifest.lock";
			outputFileListPaths = (
			);
			outputPaths = (
				"$(DERIVED_FILE_DIR)/Pods-CountryInformationApp-CountryInformationAppUITests-checkManifestLockResult.txt",
			);
			runOnlyForDeploymentPostprocessing = 0;
			shellPath = /bin/sh;
			shellScript = "diff \"${PODS_PODFILE_DIR_PATH}/Podfile.lock\" \"${PODS_ROOT}/Manifest.lock\" > /dev/null\nif [ $? != 0 ] ; then\n    # print error to STDERR\n    echo \"error: The sandbox is not in sync with the Podfile.lock. Run 'pod install' or update your CocoaPods installation.\" >&2\n    exit 1\nfi\n# This output is used by Xcode 'outputs' to avoid re-running this script phase.\necho \"SUCCESS\" > \"${SCRIPT_OUTPUT_FILE_0}\"\n";
			showEnvVarsInLog = 0;
		};
		F3740DB7748DB972BDE86E6E /* [CP] Check Pods Manifest.lock */ = {
			isa = PBXShellScriptBuildPhase;
			buildActionMask = 2147483647;
			files = (
			);
			inputFileListPaths = (
			);
			inputPaths = (
				"${PODS_PODFILE_DIR_PATH}/Podfile.lock",
				"${PODS_ROOT}/Manifest.lock",
			);
			name = "[CP] Check Pods Manifest.lock";
			outputFileListPaths = (
			);
			outputPaths = (
				"$(DERIVED_FILE_DIR)/Pods-CountryInformationApp-checkManifestLockResult.txt",
			);
			runOnlyForDeploymentPostprocessing = 0;
			shellPath = /bin/sh;
			shellScript = "diff \"${PODS_PODFILE_DIR_PATH}/Podfile.lock\" \"${PODS_ROOT}/Manifest.lock\" > /dev/null\nif [ $? != 0 ] ; then\n    # print error to STDERR\n    echo \"error: The sandbox is not in sync with the Podfile.lock. Run 'pod install' or update your CocoaPods installation.\" >&2\n    exit 1\nfi\n# This output is used by Xcode 'outputs' to avoid re-running this script phase.\necho \"SUCCESS\" > \"${SCRIPT_OUTPUT_FILE_0}\"\n";
			showEnvVarsInLog = 0;
		};
/* End PBXShellScriptBuildPhase section */

/* Begin PBXSourcesBuildPhase section */
		873E84F229F226F60053EB40 /* Sources */ = {
			isa = PBXSourcesBuildPhase;
			buildActionMask = 2147483647;
			files = (
				8786A95C29FE2A9B00CFC5C0 /* NetworkErrorView.swift in Sources */,
				878C2C0E29FCCC5F00538D99 /* CountryDetailViewModel.swift in Sources */,
				87A5A69929F394F900A6A35C /* CountryListItemView.swift in Sources */,
				873E852D29F22C790053EB40 /* CountryService.swift in Sources */,
				87A5A66929F3597900A6A35C /* NSDictionary+Extension.swift in Sources */,
				873E852F29F230360053EB40 /* CustomErrors.swift in Sources */,
				87A5A69F29F4068100A6A35C /* CountryDetailView.swift in Sources */,
				87A5A66729F3590E00A6A35C /* CountryModel.swift in Sources */,
				87A5A66329F3565500A6A35C /* Log.swift in Sources */,
				873E84FC29F226F60053EB40 /* ContentView.swift in Sources */,
				87A5A69B29F39A2B00A6A35C /* AppState.swift in Sources */,
				87A5A69D29F39AA800A6A35C /* LoadingView.swift in Sources */,
				878C2C1429FD16A200538D99 /* MapViewModel.swift in Sources */,
				878C2C1629FD1C0200538D99 /* CountryMarkerView.swift in Sources */,
				87A5A66B29F382DA00A6A35C /* Mirror.swift in Sources */,
				873E84FA29F226F60053EB40 /* CountryInformationAppApp.swift in Sources */,
				87A5A69529F38EE300A6A35C /* AppFonts.swift in Sources */,
				87A5A69729F38F0700A6A35C /* AppColors.swift in Sources */,
				878C2C1229FCF7F500538D99 /* MapView.swift in Sources */,
				873E852B29F22C1A0053EB40 /* CountryListView.swift in Sources */,
				878C2C1029FCF7D700538D99 /* TabbarView.swift in Sources */,
				87A5A66529F356B900A6A35C /* CountryListViewModel.swift in Sources */,
			);
			runOnlyForDeploymentPostprocessing = 0;
		};
		873E850229F226F60053EB40 /* Sources */ = {
			isa = PBXSourcesBuildPhase;
			buildActionMask = 2147483647;
			files = (
				873E850B29F226F60053EB40 /* CountryInformationAppTests.swift in Sources */,
			);
			runOnlyForDeploymentPostprocessing = 0;
		};
		873E850C29F226F70053EB40 /* Sources */ = {
			isa = PBXSourcesBuildPhase;
			buildActionMask = 2147483647;
			files = (
				873E851729F226F70053EB40 /* CountryInformationAppUITestsLaunchTests.swift in Sources */,
				873E851529F226F70053EB40 /* CountryInformationAppUITests.swift in Sources */,
			);
			runOnlyForDeploymentPostprocessing = 0;
		};
/* End PBXSourcesBuildPhase section */

/* Begin PBXTargetDependency section */
		873E850829F226F60053EB40 /* PBXTargetDependency */ = {
			isa = PBXTargetDependency;
			target = 873E84F529F226F60053EB40 /* CountryInformationApp */;
			targetProxy = 873E850729F226F60053EB40 /* PBXContainerItemProxy */;
		};
		873E851229F226F70053EB40 /* PBXTargetDependency */ = {
			isa = PBXTargetDependency;
			target = 873E84F529F226F60053EB40 /* CountryInformationApp */;
			targetProxy = 873E851129F226F70053EB40 /* PBXContainerItemProxy */;
		};
/* End PBXTargetDependency section */

/* Begin XCBuildConfiguration section */
		873E851829F226F70053EB40 /* Debug */ = {
			isa = XCBuildConfiguration;
			buildSettings = {
				ALWAYS_SEARCH_USER_PATHS = NO;
				CLANG_ANALYZER_NONNULL = YES;
				CLANG_ANALYZER_NUMBER_OBJECT_CONVERSION = YES_AGGRESSIVE;
				CLANG_CXX_LANGUAGE_STANDARD = "gnu++20";
				CLANG_ENABLE_MODULES = YES;
				CLANG_ENABLE_OBJC_ARC = YES;
				CLANG_ENABLE_OBJC_WEAK = YES;
				CLANG_WARN_BLOCK_CAPTURE_AUTORELEASING = YES;
				CLANG_WARN_BOOL_CONVERSION = YES;
				CLANG_WARN_COMMA = YES;
				CLANG_WARN_CONSTANT_CONVERSION = YES;
				CLANG_WARN_DEPRECATED_OBJC_IMPLEMENTATIONS = YES;
				CLANG_WARN_DIRECT_OBJC_ISA_USAGE = YES_ERROR;
				CLANG_WARN_DOCUMENTATION_COMMENTS = YES;
				CLANG_WARN_EMPTY_BODY = YES;
				CLANG_WARN_ENUM_CONVERSION = YES;
				CLANG_WARN_INFINITE_RECURSION = YES;
				CLANG_WARN_INT_CONVERSION = YES;
				CLANG_WARN_NON_LITERAL_NULL_CONVERSION = YES;
				CLANG_WARN_OBJC_IMPLICIT_RETAIN_SELF = YES;
				CLANG_WARN_OBJC_LITERAL_CONVERSION = YES;
				CLANG_WARN_OBJC_ROOT_CLASS = YES_ERROR;
				CLANG_WARN_QUOTED_INCLUDE_IN_FRAMEWORK_HEADER = YES;
				CLANG_WARN_RANGE_LOOP_ANALYSIS = YES;
				CLANG_WARN_STRICT_PROTOTYPES = YES;
				CLANG_WARN_SUSPICIOUS_MOVE = YES;
				CLANG_WARN_UNGUARDED_AVAILABILITY = YES_AGGRESSIVE;
				CLANG_WARN_UNREACHABLE_CODE = YES;
				CLANG_WARN__DUPLICATE_METHOD_MATCH = YES;
				COPY_PHASE_STRIP = NO;
				DEBUG_INFORMATION_FORMAT = dwarf;
				ENABLE_STRICT_OBJC_MSGSEND = YES;
				ENABLE_TESTABILITY = YES;
				GCC_C_LANGUAGE_STANDARD = gnu11;
				GCC_DYNAMIC_NO_PIC = NO;
				GCC_NO_COMMON_BLOCKS = YES;
				GCC_OPTIMIZATION_LEVEL = 0;
				GCC_PREPROCESSOR_DEFINITIONS = (
					"DEBUG=1",
					"$(inherited)",
				);
				GCC_WARN_64_TO_32_BIT_CONVERSION = YES;
				GCC_WARN_ABOUT_RETURN_TYPE = YES_ERROR;
				GCC_WARN_UNDECLARED_SELECTOR = YES;
				GCC_WARN_UNINITIALIZED_AUTOS = YES_AGGRESSIVE;
				GCC_WARN_UNUSED_FUNCTION = YES;
				GCC_WARN_UNUSED_VARIABLE = YES;
				IPHONEOS_DEPLOYMENT_TARGET = 16.0;
				MTL_ENABLE_DEBUG_INFO = INCLUDE_SOURCE;
				MTL_FAST_MATH = YES;
				ONLY_ACTIVE_ARCH = YES;
				SDKROOT = iphoneos;
				SWIFT_ACTIVE_COMPILATION_CONDITIONS = DEBUG;
				SWIFT_OPTIMIZATION_LEVEL = "-Onone";
			};
			name = Debug;
		};
		873E851929F226F70053EB40 /* Release */ = {
			isa = XCBuildConfiguration;
			buildSettings = {
				ALWAYS_SEARCH_USER_PATHS = NO;
				CLANG_ANALYZER_NONNULL = YES;
				CLANG_ANALYZER_NUMBER_OBJECT_CONVERSION = YES_AGGRESSIVE;
				CLANG_CXX_LANGUAGE_STANDARD = "gnu++20";
				CLANG_ENABLE_MODULES = YES;
				CLANG_ENABLE_OBJC_ARC = YES;
				CLANG_ENABLE_OBJC_WEAK = YES;
				CLANG_WARN_BLOCK_CAPTURE_AUTORELEASING = YES;
				CLANG_WARN_BOOL_CONVERSION = YES;
				CLANG_WARN_COMMA = YES;
				CLANG_WARN_CONSTANT_CONVERSION = YES;
				CLANG_WARN_DEPRECATED_OBJC_IMPLEMENTATIONS = YES;
				CLANG_WARN_DIRECT_OBJC_ISA_USAGE = YES_ERROR;
				CLANG_WARN_DOCUMENTATION_COMMENTS = YES;
				CLANG_WARN_EMPTY_BODY = YES;
				CLANG_WARN_ENUM_CONVERSION = YES;
				CLANG_WARN_INFINITE_RECURSION = YES;
				CLANG_WARN_INT_CONVERSION = YES;
				CLANG_WARN_NON_LITERAL_NULL_CONVERSION = YES;
				CLANG_WARN_OBJC_IMPLICIT_RETAIN_SELF = YES;
				CLANG_WARN_OBJC_LITERAL_CONVERSION = YES;
				CLANG_WARN_OBJC_ROOT_CLASS = YES_ERROR;
				CLANG_WARN_QUOTED_INCLUDE_IN_FRAMEWORK_HEADER = YES;
				CLANG_WARN_RANGE_LOOP_ANALYSIS = YES;
				CLANG_WARN_STRICT_PROTOTYPES = YES;
				CLANG_WARN_SUSPICIOUS_MOVE = YES;
				CLANG_WARN_UNGUARDED_AVAILABILITY = YES_AGGRESSIVE;
				CLANG_WARN_UNREACHABLE_CODE = YES;
				CLANG_WARN__DUPLICATE_METHOD_MATCH = YES;
				COPY_PHASE_STRIP = NO;
				DEBUG_INFORMATION_FORMAT = "dwarf-with-dsym";
				ENABLE_NS_ASSERTIONS = NO;
				ENABLE_STRICT_OBJC_MSGSEND = YES;
				GCC_C_LANGUAGE_STANDARD = gnu11;
				GCC_NO_COMMON_BLOCKS = YES;
				GCC_WARN_64_TO_32_BIT_CONVERSION = YES;
				GCC_WARN_ABOUT_RETURN_TYPE = YES_ERROR;
				GCC_WARN_UNDECLARED_SELECTOR = YES;
				GCC_WARN_UNINITIALIZED_AUTOS = YES_AGGRESSIVE;
				GCC_WARN_UNUSED_FUNCTION = YES;
				GCC_WARN_UNUSED_VARIABLE = YES;
				IPHONEOS_DEPLOYMENT_TARGET = 16.0;
				MTL_ENABLE_DEBUG_INFO = NO;
				MTL_FAST_MATH = YES;
				SDKROOT = iphoneos;
				SWIFT_COMPILATION_MODE = wholemodule;
				SWIFT_OPTIMIZATION_LEVEL = "-O";
				VALIDATE_PRODUCT = YES;
			};
			name = Release;
		};
		873E851B29F226F70053EB40 /* Debug */ = {
			isa = XCBuildConfiguration;
			baseConfigurationReference = 0F14579C52D38AD77DFD425A /* Pods-CountryInformationApp.debug.xcconfig */;
			buildSettings = {
				ASSETCATALOG_COMPILER_APPICON_NAME = AppIcon;
				ASSETCATALOG_COMPILER_GLOBAL_ACCENT_COLOR_NAME = AccentColor;
				CODE_SIGN_STYLE = Manual;
				CURRENT_PROJECT_VERSION = 1;
				DEVELOPMENT_ASSET_PATHS = "\"CountryInformationApp/Preview Content\"";
				DEVELOPMENT_TEAM = "";
				ENABLE_PREVIEWS = YES;
				GENERATE_INFOPLIST_FILE = YES;
				INFOPLIST_FILE = CountryInformationApp/Info.plist;
				INFOPLIST_KEY_UIApplicationSceneManifest_Generation = YES;
				INFOPLIST_KEY_UIApplicationSupportsIndirectInputEvents = YES;
				INFOPLIST_KEY_UILaunchScreen_Generation = YES;
				INFOPLIST_KEY_UISupportedInterfaceOrientations_iPad = "UIInterfaceOrientationPortrait UIInterfaceOrientationPortraitUpsideDown UIInterfaceOrientationLandscapeLeft UIInterfaceOrientationLandscapeRight";
				INFOPLIST_KEY_UISupportedInterfaceOrientations_iPhone = "UIInterfaceOrientationPortrait UIInterfaceOrientationLandscapeLeft UIInterfaceOrientationLandscapeRight";
				LD_RUNPATH_SEARCH_PATHS = (
					"$(inherited)",
					"@executable_path/Frameworks",
				);
				MARKETING_VERSION = 1.0;
				PRODUCT_BUNDLE_IDENTIFIER = hiren.CountryInformationApp;
				PRODUCT_NAME = "$(TARGET_NAME)";
				PROVISIONING_PROFILE_SPECIFIER = "";
				SWIFT_EMIT_LOC_STRINGS = YES;
				SWIFT_VERSION = 5.0;
				TARGETED_DEVICE_FAMILY = "1,2";
			};
			name = Debug;
		};
		873E851C29F226F70053EB40 /* Release */ = {
			isa = XCBuildConfiguration;
			baseConfigurationReference = F2A08C52EE8E33225BF72E17 /* Pods-CountryInformationApp.release.xcconfig */;
			buildSettings = {
				ASSETCATALOG_COMPILER_APPICON_NAME = AppIcon;
				ASSETCATALOG_COMPILER_GLOBAL_ACCENT_COLOR_NAME = AccentColor;
				CODE_SIGN_STYLE = Manual;
				CURRENT_PROJECT_VERSION = 1;
				DEVELOPMENT_ASSET_PATHS = "\"CountryInformationApp/Preview Content\"";
				DEVELOPMENT_TEAM = "";
				ENABLE_PREVIEWS = YES;
				GENERATE_INFOPLIST_FILE = YES;
				INFOPLIST_FILE = CountryInformationApp/Info.plist;
				INFOPLIST_KEY_UIApplicationSceneManifest_Generation = YES;
				INFOPLIST_KEY_UIApplicationSupportsIndirectInputEvents = YES;
				INFOPLIST_KEY_UILaunchScreen_Generation = YES;
				INFOPLIST_KEY_UISupportedInterfaceOrientations_iPad = "UIInterfaceOrientationPortrait UIInterfaceOrientationPortraitUpsideDown UIInterfaceOrientationLandscapeLeft UIInterfaceOrientationLandscapeRight";
				INFOPLIST_KEY_UISupportedInterfaceOrientations_iPhone = "UIInterfaceOrientationPortrait UIInterfaceOrientationLandscapeLeft UIInterfaceOrientationLandscapeRight";
				LD_RUNPATH_SEARCH_PATHS = (
					"$(inherited)",
					"@executable_path/Frameworks",
				);
				MARKETING_VERSION = 1.0;
				PRODUCT_BUNDLE_IDENTIFIER = hiren.CountryInformationApp;
				PRODUCT_NAME = "$(TARGET_NAME)";
				PROVISIONING_PROFILE_SPECIFIER = "";
				SWIFT_EMIT_LOC_STRINGS = YES;
				SWIFT_VERSION = 5.0;
				TARGETED_DEVICE_FAMILY = "1,2";
			};
			name = Release;
		};
		873E851E29F226F70053EB40 /* Debug */ = {
			isa = XCBuildConfiguration;
			baseConfigurationReference = A23CF1841260B4AE589EE6E5 /* Pods-CountryInformationAppTests.debug.xcconfig */;
			buildSettings = {
				ALWAYS_EMBED_SWIFT_STANDARD_LIBRARIES = YES;
				BUNDLE_LOADER = "$(TEST_HOST)";
				CODE_SIGN_STYLE = Automatic;
				CURRENT_PROJECT_VERSION = 1;
				GENERATE_INFOPLIST_FILE = YES;
				IPHONEOS_DEPLOYMENT_TARGET = 16.0;
				MARKETING_VERSION = 1.0;
				PRODUCT_BUNDLE_IDENTIFIER = hiren.CountryInformationAppTests;
				PRODUCT_NAME = "$(TARGET_NAME)";
				SWIFT_EMIT_LOC_STRINGS = NO;
				SWIFT_VERSION = 5.0;
				TARGETED_DEVICE_FAMILY = "1,2";
				TEST_HOST = "$(BUILT_PRODUCTS_DIR)/CountryInformationApp.app/$(BUNDLE_EXECUTABLE_FOLDER_PATH)/CountryInformationApp";
			};
			name = Debug;
		};
		873E851F29F226F70053EB40 /* Release */ = {
			isa = XCBuildConfiguration;
			baseConfigurationReference = B29CE64F3F62C1FADBA7D4AC /* Pods-CountryInformationAppTests.release.xcconfig */;
			buildSettings = {
				ALWAYS_EMBED_SWIFT_STANDARD_LIBRARIES = YES;
				BUNDLE_LOADER = "$(TEST_HOST)";
				CODE_SIGN_STYLE = Automatic;
				CURRENT_PROJECT_VERSION = 1;
				GENERATE_INFOPLIST_FILE = YES;
				IPHONEOS_DEPLOYMENT_TARGET = 16.0;
				MARKETING_VERSION = 1.0;
				PRODUCT_BUNDLE_IDENTIFIER = hiren.CountryInformationAppTests;
				PRODUCT_NAME = "$(TARGET_NAME)";
				SWIFT_EMIT_LOC_STRINGS = NO;
				SWIFT_VERSION = 5.0;
				TARGETED_DEVICE_FAMILY = "1,2";
				TEST_HOST = "$(BUILT_PRODUCTS_DIR)/CountryInformationApp.app/$(BUNDLE_EXECUTABLE_FOLDER_PATH)/CountryInformationApp";
			};
			name = Release;
		};
		873E852129F226F70053EB40 /* Debug */ = {
			isa = XCBuildConfiguration;
			baseConfigurationReference = EA363BDD1290F5B4745B7A6C /* Pods-CountryInformationApp-CountryInformationAppUITests.debug.xcconfig */;
			buildSettings = {
				ALWAYS_EMBED_SWIFT_STANDARD_LIBRARIES = YES;
				CODE_SIGN_STYLE = Automatic;
				CURRENT_PROJECT_VERSION = 1;
				GENERATE_INFOPLIST_FILE = YES;
				MARKETING_VERSION = 1.0;
				PRODUCT_BUNDLE_IDENTIFIER = hiren.CountryInformationAppUITests;
				PRODUCT_NAME = "$(TARGET_NAME)";
				SWIFT_EMIT_LOC_STRINGS = NO;
				SWIFT_VERSION = 5.0;
				TARGETED_DEVICE_FAMILY = "1,2";
				TEST_TARGET_NAME = CountryInformationApp;
			};
			name = Debug;
		};
		873E852229F226F70053EB40 /* Release */ = {
			isa = XCBuildConfiguration;
			baseConfigurationReference = 97667FD447CFBF87AC422CBA /* Pods-CountryInformationApp-CountryInformationAppUITests.release.xcconfig */;
			buildSettings = {
				ALWAYS_EMBED_SWIFT_STANDARD_LIBRARIES = YES;
				CODE_SIGN_STYLE = Automatic;
				CURRENT_PROJECT_VERSION = 1;
				GENERATE_INFOPLIST_FILE = YES;
				MARKETING_VERSION = 1.0;
				PRODUCT_BUNDLE_IDENTIFIER = hiren.CountryInformationAppUITests;
				PRODUCT_NAME = "$(TARGET_NAME)";
				SWIFT_EMIT_LOC_STRINGS = NO;
				SWIFT_VERSION = 5.0;
				TARGETED_DEVICE_FAMILY = "1,2";
				TEST_TARGET_NAME = CountryInformationApp;
			};
			name = Release;
		};
/* End XCBuildConfiguration section */

/* Begin XCConfigurationList section */
		873E84F129F226F60053EB40 /* Build configuration list for PBXProject "CountryInformationApp" */ = {
			isa = XCConfigurationList;
			buildConfigurations = (
				873E851829F226F70053EB40 /* Debug */,
				873E851929F226F70053EB40 /* Release */,
			);
			defaultConfigurationIsVisible = 0;
			defaultConfigurationName = Release;
		};
		873E851A29F226F70053EB40 /* Build configuration list for PBXNativeTarget "CountryInformationApp" */ = {
			isa = XCConfigurationList;
			buildConfigurations = (
				873E851B29F226F70053EB40 /* Debug */,
				873E851C29F226F70053EB40 /* Release */,
			);
			defaultConfigurationIsVisible = 0;
			defaultConfigurationName = Release;
		};
		873E851D29F226F70053EB40 /* Build configuration list for PBXNativeTarget "CountryInformationAppTests" */ = {
			isa = XCConfigurationList;
			buildConfigurations = (
				873E851E29F226F70053EB40 /* Debug */,
				873E851F29F226F70053EB40 /* Release */,
			);
			defaultConfigurationIsVisible = 0;
			defaultConfigurationName = Release;
		};
		873E852029F226F70053EB40 /* Build configuration list for PBXNativeTarget "CountryInformationAppUITests" */ = {
			isa = XCConfigurationList;
			buildConfigurations = (
				873E852129F226F70053EB40 /* Debug */,
				873E852229F226F70053EB40 /* Release */,
			);
			defaultConfigurationIsVisible = 0;
			defaultConfigurationName = Release;
		};
/* End XCConfigurationList section */
	};
	rootObject = 873E84EE29F226F60053EB40 /* Project object */;
}
